
Microsoft Visual Studio Solution File, Format Version 12.00
# Visual Studio 14
VisualStudioVersion = 14.0.25420.1
MinimumVisualStudioVersion = 10.0.40219.1
Project("{FAE04EC0-301F-11D3-BF4B-00C04F79EFBC}") = "NumberToRomanConsole", "NumberToRomanConsole\NumberToRomanConsole.csproj", "{975FAEDB-7B16-444F-8200-7B2ED79CC7A6}"
EndProject
Project("{FAE04EC0-301F-11D3-BF4B-00C04F79EFBC}") = "NumberToRoman.Library", "NumberToRoman.Library\NumberToRoman.Library.csproj", "{C6C137BE-F678-439C-9796-208160C81002}"
EndProject
Project("{FAE04EC0-301F-11D3-BF4B-00C04F79EFBC}") = "NumberToRoman.Tests", "NumberRoman.Tests\NumberToRoman.Tests.csproj", "{3064F903-58DE-401B-B9C0-3BCB767082EE}"
EndProject
Global
	GlobalSection(SolutionConfigurationPlatforms) = preSolution
		Debug|Any CPU = Debug|Any CPU
		Release|Any CPU = Release|Any CPU
	EndGlobalSection
	GlobalSection(ProjectConfigurationPlatforms) = postSolution
		{975FAEDB-7B16-444F-8200-7B2ED79CC7A6}.Debug|Any CPU.ActiveCfg = Debug|Any CPU
		{975FAEDB-7B16-444F-8200-7B2ED79CC7A6}.Debug|Any CPU.Build.0 = Debug|Any CPU
		{975FAEDB-7B16-444F-8200-7B2ED79CC7A6}.Release|Any CPU.ActiveCfg = Release|Any CPU
		{975FAEDB-7B16-444F-8200-7B2ED79CC7A6}.Release|Any CPU.Build.0 = Release|Any CPU
		{C6C137BE-F678-439C-9796-208160C81002}.Debug|Any CPU.ActiveCfg = Debug|Any CPU
		{C6C137BE-F678-439C-9796-208160C81002}.Debug|Any CPU.Build.0 = Debug|Any CPU
		{C6C137BE-F678-439C-9796-208160C81002}.Release|Any CPU.ActiveCfg = Release|Any CPU
		{C6C137BE-F678-439C-9796-208160C81002}.Release|Any CPU.Build.0 = Release|Any CPU
		{3064F903-58DE-401B-B9C0-3BCB767082EE}.Debug|Any CPU.ActiveCfg = Debug|Any CPU
		{3064F903-58DE-401B-B9C0-3BCB767082EE}.Debug|Any CPU.Build.0 = Debug|Any CPU
		{3064F903-58DE-401B-B9C0-3BCB767082EE}.Release|Any CPU.ActiveCfg = Release|Any CPU
		{3064F903-58DE-401B-B9C0-3BCB767082EE}.Release|Any CPU.Build.0 = Release|Any CPU
	EndGlobalSection
	GlobalSection(SolutionProperties) = preSolution
		HideSolutionNode = FALSE
	EndGlobalSection
EndGlobal
